
Microsoft Visual Studio Solution File, Format Version 12.00
# Visual Studio Version 16
VisualStudioVersion = 16.0.29806.167
MinimumVisualStudioVersion = 10.0.40219.1
Project("{FAE04EC0-301F-11D3-BF4B-00C04F79EFBC}") = "Bartolini.Liam.3H.CrociPuzzle", "Bartolini.Liam.3H.CrociPuzzle\Bartolini.Liam.3H.CrociPuzzle.csproj", "{E8F6E531-DC09-43E3-A1A6-F6C69A4B4A9D}"
EndProject
Global
	GlobalSection(SolutionConfigurationPlatforms) = preSolution
		Debug|Any CPU = Debug|Any CPU
		Release|Any CPU = Release|Any CPU
	EndGlobalSection
	GlobalSection(ProjectConfigurationPlatforms) = postSolution
		{E8F6E531-DC09-43E3-A1A6-F6C69A4B4A9D}.Debug|Any CPU.ActiveCfg = Debug|Any CPU
		{E8F6E531-DC09-43E3-A1A6-F6C69A4B4A9D}.Debug|Any CPU.Build.0 = Debug|Any CPU
		{E8F6E531-DC09-43E3-A1A6-F6C69A4B4A9D}.Release|Any CPU.ActiveCfg = Release|Any CPU
		{E8F6E531-DC09-43E3-A1A6-F6C69A4B4A9D}.Release|Any CPU.Build.0 = Release|Any CPU
	EndGlobalSection
	GlobalSection(SolutionProperties) = preSolution
		HideSolutionNode = FALSE
	EndGlobalSection
	GlobalSection(ExtensibilityGlobals) = postSolution
		SolutionGuid = {503C7A2E-9CE4-466D-A01B-6CB10D00C7F7}
	EndGlobalSection
EndGlobal
